
Microsoft Visual Studio Solution File, Format Version 12.00
# Visual Studio Version 17
VisualStudioVersion = 17.3.32929.385
MinimumVisualStudioVersion = 10.0.40219.1
Project("{9A19103F-16F7-4668-BE54-9A1E7A4F7556}") = "EmployeeList", "WebApplication1\EmployeeList.csproj", "{C3B6A484-37AC-4DBB-A2EF-63E87F1B6F72}"
EndProject
Global
	GlobalSection(SolutionConfigurationPlatforms) = preSolution
		Debug|Any CPU = Debug|Any CPU
		Release|Any CPU = Release|Any CPU
	EndGlobalSection
	GlobalSection(ProjectConfigurationPlatforms) = postSolution
		{C3B6A484-37AC-4DBB-A2EF-63E87F1B6F72}.Debug|Any CPU.ActiveCfg = Debug|Any CPU
		{C3B6A484-37AC-4DBB-A2EF-63E87F1B6F72}.Debug|Any CPU.Build.0 = Debug|Any CPU
		{C3B6A484-37AC-4DBB-A2EF-63E87F1B6F72}.Release|Any CPU.ActiveCfg = Release|Any CPU
		{C3B6A484-37AC-4DBB-A2EF-63E87F1B6F72}.Release|Any CPU.Build.0 = Release|Any CPU
	EndGlobalSection
	GlobalSection(SolutionProperties) = preSolution
		HideSolutionNode = FALSE
	EndGlobalSection
	GlobalSection(ExtensibilityGlobals) = postSolution
		SolutionGuid = {7CA40878-C0F5-4980-AB03-2E60C79864ED}
	EndGlobalSection
EndGlobal
